
Microsoft Visual Studio Solution File, Format Version 12.00
# Visual Studio Version 17
VisualStudioVersion = 17.2.32616.157
MinimumVisualStudioVersion = 10.0.40219.1
Project("{FAE04EC0-301F-11D3-BF4B-00C04F79EFBC}") = "WebPumpMVC", "WebPumpMVC\WebPumpMVC.csproj", "{6B221781-4527-4AC3-8642-BB286D9D8926}"
EndProject
Global
	GlobalSection(SolutionConfigurationPlatforms) = preSolution
		Debug|Any CPU = Debug|Any CPU
		Release|Any CPU = Release|Any CPU
	EndGlobalSection
	GlobalSection(ProjectConfigurationPlatforms) = postSolution
		{6B221781-4527-4AC3-8642-BB286D9D8926}.Debug|Any CPU.ActiveCfg = Debug|Any CPU
		{6B221781-4527-4AC3-8642-BB286D9D8926}.Debug|Any CPU.Build.0 = Debug|Any CPU
		{6B221781-4527-4AC3-8642-BB286D9D8926}.Release|Any CPU.ActiveCfg = Release|Any CPU
		{6B221781-4527-4AC3-8642-BB286D9D8926}.Release|Any CPU.Build.0 = Release|Any CPU
	EndGlobalSection
	GlobalSection(SolutionProperties) = preSolution
		HideSolutionNode = FALSE
	EndGlobalSection
	GlobalSection(ExtensibilityGlobals) = postSolution
		SolutionGuid = {68F91A0B-4580-49C4-9240-FE08281A2D5F}
	EndGlobalSection
EndGlobal
